
Microsoft Visual Studio Solution File, Format Version 12.00
# Visual Studio Version 17
VisualStudioVersion = 17.9.34728.123
MinimumVisualStudioVersion = 10.0.40219.1
Project("{FAE04EC0-301F-11D3-BF4B-00C04F79EFBC}") = "Common", "ClassLibrary1\Common.csproj", "{699F9CBD-8A86-4358-BBBF-8F7BE3F187F3}"
EndProject
Global
	GlobalSection(SolutionConfigurationPlatforms) = preSolution
		Debug|Any CPU = Debug|Any CPU
		Release|Any CPU = Release|Any CPU
	EndGlobalSection
	GlobalSection(ProjectConfigurationPlatforms) = postSolution
		{699F9CBD-8A86-4358-BBBF-8F7BE3F187F3}.Debug|Any CPU.ActiveCfg = Debug|Any CPU
		{699F9CBD-8A86-4358-BBBF-8F7BE3F187F3}.Debug|Any CPU.Build.0 = Debug|Any CPU
		{699F9CBD-8A86-4358-BBBF-8F7BE3F187F3}.Release|Any CPU.ActiveCfg = Release|Any CPU
		{699F9CBD-8A86-4358-BBBF-8F7BE3F187F3}.Release|Any CPU.Build.0 = Release|Any CPU
	EndGlobalSection
	GlobalSection(SolutionProperties) = preSolution
		HideSolutionNode = FALSE
	EndGlobalSection
	GlobalSection(ExtensibilityGlobals) = postSolution
		SolutionGuid = {68861F06-EF26-4343-B22D-281BF9DAFF39}
	EndGlobalSection
EndGlobal
